
Microsoft Visual Studio Solution File, Format Version 12.00
# Visual Studio Version 16
VisualStudioVersion = 16.0.32106.194
MinimumVisualStudioVersion = 10.0.40219.1
Project("{FAE04EC0-301F-11D3-BF4B-00C04F79EFBC}") = "Task", "Task\Task.csproj", "{61B2015A-509F-4B98-9ABD-F5056262D670}"
EndProject
Global
	GlobalSection(SolutionConfigurationPlatforms) = preSolution
		Debug|Any CPU = Debug|Any CPU
		Release|Any CPU = Release|Any CPU
	EndGlobalSection
	GlobalSection(ProjectConfigurationPlatforms) = postSolution
		{61B2015A-509F-4B98-9ABD-F5056262D670}.Debug|Any CPU.ActiveCfg = Debug|Any CPU
		{61B2015A-509F-4B98-9ABD-F5056262D670}.Debug|Any CPU.Build.0 = Debug|Any CPU
		{61B2015A-509F-4B98-9ABD-F5056262D670}.Release|Any CPU.ActiveCfg = Release|Any CPU
		{61B2015A-509F-4B98-9ABD-F5056262D670}.Release|Any CPU.Build.0 = Release|Any CPU
	EndGlobalSection
	GlobalSection(SolutionProperties) = preSolution
		HideSolutionNode = FALSE
	EndGlobalSection
	GlobalSection(ExtensibilityGlobals) = postSolution
		SolutionGuid = {87D04CF2-22DB-4523-9544-9660254DE8A5}
	EndGlobalSection
EndGlobal
